
Microsoft Visual Studio Solution File, Format Version 12.00
# Visual Studio Version 16
VisualStudioVersion = 16.0.32428.217
MinimumVisualStudioVersion = 10.0.40219.1
Project("{FAE04EC0-301F-11D3-BF4B-00C04F79EFBC}") = "BD2project", "BD2project\BD2project.csproj", "{F19F6502-8175-41E3-9E9F-489CE46C9726}"
EndProject
Global
	GlobalSection(SolutionConfigurationPlatforms) = preSolution
		Debug|Any CPU = Debug|Any CPU
		Release|Any CPU = Release|Any CPU
	EndGlobalSection
	GlobalSection(ProjectConfigurationPlatforms) = postSolution
		{F19F6502-8175-41E3-9E9F-489CE46C9726}.Debug|Any CPU.ActiveCfg = Debug|Any CPU
		{F19F6502-8175-41E3-9E9F-489CE46C9726}.Debug|Any CPU.Build.0 = Debug|Any CPU
		{F19F6502-8175-41E3-9E9F-489CE46C9726}.Release|Any CPU.ActiveCfg = Release|Any CPU
		{F19F6502-8175-41E3-9E9F-489CE46C9726}.Release|Any CPU.Build.0 = Release|Any CPU
	EndGlobalSection
	GlobalSection(SolutionProperties) = preSolution
		HideSolutionNode = FALSE
	EndGlobalSection
	GlobalSection(ExtensibilityGlobals) = postSolution
		SolutionGuid = {4E35BBF9-ABC0-42AE-BB20-864610C132F5}
	EndGlobalSection
EndGlobal
